<?xml version="1.0" encoding="utf-8"?>
<Project ToolsVersion="4.0" xmlns="http://schemas.microsoft.com/developer/msbuild/2003">
  <ItemGroup>
    <Filter Include="Исходные файлы">
      <UniqueIdentifier>{4FC737F1-C7A5-4376-A066-2A32D752A2FF}</UniqueIdentifier>
      <Extensions>cpp;c;cc;cxx;def;odl;idl;hpj;bat;asm;asmx</Extensions>
    </Filter>
    <Filter Include="Файлы заголовков">
      <UniqueIdentifier>{93995380-89BD-4b04-88EB-625FBE52EBFB}</UniqueIdentifier>
      <Extensions>h;hh;hpp;hxx;hm;inl;inc;ipp;xsd</Extensions>
    </Filter>
    <Filter Include="Файлы ресурсов">
      <UniqueIdentifier>{67DA6AB6-F800-4c08-8B7A-83BB121AAD01}</UniqueIdentifier>
      <Extensions>rc;ico;cur;bmp;dlg;rc2;rct;bin;rgs;gif;jpg;jpeg;jpe;resx;tiff;tif;png;wav;mfcribbon-ms</Extensions>
    </Filter>
    <Filter Include="source">
      <UniqueIdentifier>{24e5b591-c3f4-45e1-a18e-298ae5839172}</UniqueIdentifier>
    </Filter>
    <Filter Include="source\classes">
      <UniqueIdentifier>{b9b6df4f-29a5-4b2c-8c69-32dc061a8137}</UniqueIdentifier>
    </Filter>
    <Filter Include="source\interfaces">
      <UniqueIdentifier>{1a3ae81a-240c-420e-bfc3-d0502bca65b2}</UniqueIdentifier>
    </Filter>
    <Filter Include="source\classes\driver">
      <UniqueIdentifier>{5dd34adf-f614-4ae4-a379-0d70b37f18a9}</UniqueIdentifier>
    </Filter>
    <Filter Include="source\classes\wrap">
      <UniqueIdentifier>{60ce7407-84cb-4bab-a3cb-c91d6bcb7a4a}</UniqueIdentifier>
    </Filter>
    <Filter Include="source\classes\exceptions">
      <UniqueIdentifier>{c6da78ec-9c64-4592-8b11-9dcdb7d905a4}</UniqueIdentifier>
    </Filter>
    <Filter Include="source\classes\file">
      <UniqueIdentifier>{1bccc679-5207-4ae3-98d4-b65b27712c79}</UniqueIdentifier>
    </Filter>
  </ItemGroup>
  <ItemGroup>
    <ClCompile Include="source\stdafx.cpp">
      <Filter>source</Filter>
    </ClCompile>
    <ClCompile Include="source\UserProgram.cpp">
      <Filter>source</Filter>
    </ClCompile>
    <ClCompile Include="source\classes\driver\driver.cpp">
      <Filter>source\classes\driver</Filter>
    </ClCompile>
    <ClCompile Include="source\classes\wrap\Wrap.cpp">
      <Filter>source\classes\wrap</Filter>
    </ClCompile>
    <ClCompile Include="source\classes\file\File.cpp">
      <Filter>source\classes\file</Filter>
    </ClCompile>
  </ItemGroup>
  <ItemGroup>
    <ClInclude Include="source\stdafx.h">
      <Filter>source</Filter>
    </ClInclude>
    <ClInclude Include="source\classes\driver\driver.h">
      <Filter>source\classes\driver</Filter>
    </ClInclude>
    <ClInclude Include="source\interface\IFile.h">
      <Filter>source\interfaces</Filter>
    </ClInclude>
    <ClInclude Include="source\classes\wrap\Wrap.h">
      <Filter>source\classes\wrap</Filter>
    </ClInclude>
    <ClInclude Include="source\classes\exceptions\Exception.h">
      <Filter>source\classes\exceptions</Filter>
    </ClInclude>
    <ClInclude Include="source\classes\file\File.h">
      <Filter>source\classes\file</Filter>
    </ClInclude>
  </ItemGroup>
</Project>