<?xml version="1.0" encoding="utf-8"?>
<Project ToolsVersion="4.0" xmlns="http://schemas.microsoft.com/developer/msbuild/2003">
  <ItemGroup>
    <Filter Include="Resource Files">
      <UniqueIdentifier>{67DA6AB6-F800-4c08-8B7A-83BB121AAD01}</UniqueIdentifier>
      <Extensions>rc;ico;cur;bmp;dlg;rc2;rct;bin;rgs;gif;jpg;jpeg;jpe;resx;tiff;tif;png;wav;mfcribbon-ms</Extensions>
    </Filter>
    <Filter Include="Driver Files">
      <UniqueIdentifier>{8E41214B-6785-4CFE-B992-037D68949A14}</UniqueIdentifier>
      <Extensions>inf;inv;inx;mof;mc;</Extensions>
    </Filter>
    <Filter Include="source">
      <UniqueIdentifier>{108d9208-1114-4527-a26e-76689b8178f4}</UniqueIdentifier>
    </Filter>
    <Filter Include="headers">
      <UniqueIdentifier>{43333966-d3f1-4c17-9461-8bf870a7982b}</UniqueIdentifier>
    </Filter>
  </ItemGroup>
  <ItemGroup>
    <Inf Include="MyDriver.inf">
      <Filter>Driver Files</Filter>
    </Inf>
  </ItemGroup>
  <ItemGroup>
    <ClCompile Include="..\source\driver.c">
      <Filter>source</Filter>
    </ClCompile>
    <ClCompile Include="..\source\crypt.c">
      <Filter>source</Filter>
    </ClCompile>
  </ItemGroup>
  <ItemGroup>
    <ClInclude Include="..\headers\headers.h">
      <Filter>headers</Filter>
    </ClInclude>
    <ClInclude Include="..\headers\constants.h">
      <Filter>headers</Filter>
    </ClInclude>
    <ClInclude Include="..\headers\libraries.h">
      <Filter>headers</Filter>
    </ClInclude>
    <ClInclude Include="..\headers\codeioctl.h">
      <Filter>headers</Filter>
    </ClInclude>
    <ClInclude Include="..\headers\crypt.h">
      <Filter>headers</Filter>
    </ClInclude>
  </ItemGroup>
  <ItemGroup>
    <Text Include="..\headers\structs.h">
      <Filter>headers</Filter>
    </Text>
    <Text Include="..\headers\globalvariable.h">
      <Filter>headers</Filter>
    </Text>
  </ItemGroup>
</Project>